// !$*UTF8*$!
{
	archiveVersion = 1;
	classes = {
	};
	objectVersion = 50;
	objects = {

/* Begin PBXBuildFile section */
		1284176FEE4831E021117597 /* Pods_ImageSearchTests.framework in Frameworks */ = {isa = PBXBuildFile; fileRef = 0F9BFEE63C52D433B98703CA /* Pods_ImageSearchTests.framework */; };
		8AC606D2097458F0EB370C3F /* Pods_ImageSearch.framework in Frameworks */ = {isa = PBXBuildFile; fileRef = 14DBB0FF8A3E1CB1F57C7DA8 /* Pods_ImageSearch.framework */; };
		CBE4BED276235F9C7FDE51A8 /* Pods_ImageSearch_ImageSearchUITests.framework in Frameworks */ = {isa = PBXBuildFile; fileRef = 0BB0D0113D16ECF135ECE875 /* Pods_ImageSearch_ImageSearchUITests.framework */; };
		F76FBBDC2470616300A75B90 /* AppDelegate.swift in Sources */ = {isa = PBXBuildFile; fileRef = F76FBBDB2470616300A75B90 /* AppDelegate.swift */; };
		F76FBBE02470616300A75B90 /* HomeViewController.swift in Sources */ = {isa = PBXBuildFile; fileRef = F76FBBDF2470616300A75B90 /* HomeViewController.swift */; };
		F76FBBE32470616300A75B90 /* Main.storyboard in Resources */ = {isa = PBXBuildFile; fileRef = F76FBBE12470616300A75B90 /* Main.storyboard */; };
		F76FBBE62470616300A75B90 /* ImageSearch.xcdatamodeld in Sources */ = {isa = PBXBuildFile; fileRef = F76FBBE42470616300A75B90 /* ImageSearch.xcdatamodeld */; };
		F76FBBE82470616800A75B90 /* Assets.xcassets in Resources */ = {isa = PBXBuildFile; fileRef = F76FBBE72470616800A75B90 /* Assets.xcassets */; };
		F76FBBEB2470616800A75B90 /* LaunchScreen.storyboard in Resources */ = {isa = PBXBuildFile; fileRef = F76FBBE92470616800A75B90 /* LaunchScreen.storyboard */; };
		F76FBBF62470616800A75B90 /* ImageSearchTests.swift in Sources */ = {isa = PBXBuildFile; fileRef = F76FBBF52470616800A75B90 /* ImageSearchTests.swift */; };
		F76FBC012470616800A75B90 /* ImageSearchUITests.swift in Sources */ = {isa = PBXBuildFile; fileRef = F76FBC002470616800A75B90 /* ImageSearchUITests.swift */; };
		F76FBC0F24706D6000A75B90 /* ImageSearchTableView.swift in Sources */ = {isa = PBXBuildFile; fileRef = F76FBC0E24706D6000A75B90 /* ImageSearchTableView.swift */; };
		F76FBC112470715F00A75B90 /* ImageSearchController.swift in Sources */ = {isa = PBXBuildFile; fileRef = F76FBC102470715F00A75B90 /* ImageSearchController.swift */; };
		F76FBC172470720900A75B90 /* ApiError.swift in Sources */ = {isa = PBXBuildFile; fileRef = F76FBC132470720900A75B90 /* ApiError.swift */; };
		F76FBC182470720900A75B90 /* ApiClient.swift in Sources */ = {isa = PBXBuildFile; fileRef = F76FBC142470720900A75B90 /* ApiClient.swift */; };
		F76FBC192470720900A75B90 /* ApiRouter.swift in Sources */ = {isa = PBXBuildFile; fileRef = F76FBC152470720900A75B90 /* ApiRouter.swift */; };
		F76FBC1A2470720900A75B90 /* NetworkConstants.swift in Sources */ = {isa = PBXBuildFile; fileRef = F76FBC162470720900A75B90 /* NetworkConstants.swift */; };
		F76FBC1F2470735C00A75B90 /* SearchImageModel.swift in Sources */ = {isa = PBXBuildFile; fileRef = F76FBC1E2470735C00A75B90 /* SearchImageModel.swift */; };
		F76FBC212470736C00A75B90 /* SearchImageViewModel.swift in Sources */ = {isa = PBXBuildFile; fileRef = F76FBC202470736C00A75B90 /* SearchImageViewModel.swift */; };
/* End PBXBuildFile section */

/* Begin PBXContainerItemProxy section */
		F76FBBF22470616800A75B90 /* PBXContainerItemProxy */ = {
			isa = PBXContainerItemProxy;
			containerPortal = F76FBBD02470616300A75B90 /* Project object */;
			proxyType = 1;
			remoteGlobalIDString = F76FBBD72470616300A75B90;
			remoteInfo = ImageSearch;
		};
		F76FBBFD2470616800A75B90 /* PBXContainerItemProxy */ = {
			isa = PBXContainerItemProxy;
			containerPortal = F76FBBD02470616300A75B90 /* Project object */;
			proxyType = 1;
			remoteGlobalIDString = F76FBBD72470616300A75B90;
			remoteInfo = ImageSearch;
		};
/* End PBXContainerItemProxy section */

/* Begin PBXFileReference section */
		02898B1574D49CB23FA7681E /* Pods-ImageSearch-ImageSearchUITests.release.xcconfig */ = {isa = PBXFileReference; includeInIndex = 1; lastKnownFileType = text.xcconfig; name = "Pods-ImageSearch-ImageSearchUITests.release.xcconfig"; path = "Target Support Files/Pods-ImageSearch-ImageSearchUITests/Pods-ImageSearch-ImageSearchUITests.release.xcconfig"; sourceTree = "<group>"; };
		0BB0D0113D16ECF135ECE875 /* Pods_ImageSearch_ImageSearchUITests.framework */ = {isa = PBXFileReference; explicitFileType = wrapper.framework; includeInIndex = 0; path = Pods_ImageSearch_ImageSearchUITests.framework; sourceTree = BUILT_PRODUCTS_DIR; };
		0F9BFEE63C52D433B98703CA /* Pods_ImageSearchTests.framework */ = {isa = PBXFileReference; explicitFileType = wrapper.framework; includeInIndex = 0; path = Pods_ImageSearchTests.framework; sourceTree = BUILT_PRODUCTS_DIR; };
		14DBB0FF8A3E1CB1F57C7DA8 /* Pods_ImageSearch.framework */ = {isa = PBXFileReference; explicitFileType = wrapper.framework; includeInIndex = 0; path = Pods_ImageSearch.framework; sourceTree = BUILT_PRODUCTS_DIR; };
		6ECB170BC305A9F89C376684 /* Pods-ImageSearch.debug.xcconfig */ = {isa = PBXFileReference; includeInIndex = 1; lastKnownFileType = text.xcconfig; name = "Pods-ImageSearch.debug.xcconfig"; path = "Target Support Files/Pods-ImageSearch/Pods-ImageSearch.debug.xcconfig"; sourceTree = "<group>"; };
		8C3A7A414E45D1A3DB58FFA5 /* Pods-ImageSearchTests.release.xcconfig */ = {isa = PBXFileReference; includeInIndex = 1; lastKnownFileType = text.xcconfig; name = "Pods-ImageSearchTests.release.xcconfig"; path = "Target Support Files/Pods-ImageSearchTests/Pods-ImageSearchTests.release.xcconfig"; sourceTree = "<group>"; };
		A6E15A8D0485B67508796094 /* Pods-ImageSearch.release.xcconfig */ = {isa = PBXFileReference; includeInIndex = 1; lastKnownFileType = text.xcconfig; name = "Pods-ImageSearch.release.xcconfig"; path = "Target Support Files/Pods-ImageSearch/Pods-ImageSearch.release.xcconfig"; sourceTree = "<group>"; };
		B4F699399F572B53A4EBF07B /* Pods-ImageSearch-ImageSearchUITests.debug.xcconfig */ = {isa = PBXFileReference; includeInIndex = 1; lastKnownFileType = text.xcconfig; name = "Pods-ImageSearch-ImageSearchUITests.debug.xcconfig"; path = "Target Support Files/Pods-ImageSearch-ImageSearchUITests/Pods-ImageSearch-ImageSearchUITests.debug.xcconfig"; sourceTree = "<group>"; };
		C570413EAF2DEDA8439947D2 /* Pods-ImageSearchTests.debug.xcconfig */ = {isa = PBXFileReference; includeInIndex = 1; lastKnownFileType = text.xcconfig; name = "Pods-ImageSearchTests.debug.xcconfig"; path = "Target Support Files/Pods-ImageSearchTests/Pods-ImageSearchTests.debug.xcconfig"; sourceTree = "<group>"; };
		F76FBBD82470616300A75B90 /* ImageSearch.app */ = {isa = PBXFileReference; explicitFileType = wrapper.application; includeInIndex = 0; path = ImageSearch.app; sourceTree = BUILT_PRODUCTS_DIR; };
		F76FBBDB2470616300A75B90 /* AppDelegate.swift */ = {isa = PBXFileReference; lastKnownFileType = sourcecode.swift; path = AppDelegate.swift; sourceTree = "<group>"; };
		F76FBBDF2470616300A75B90 /* HomeViewController.swift */ = {isa = PBXFileReference; lastKnownFileType = sourcecode.swift; path = HomeViewController.swift; sourceTree = "<group>"; };
		F76FBBE22470616300A75B90 /* Base */ = {isa = PBXFileReference; lastKnownFileType = file.storyboard; name = Base; path = Base.lproj/Main.storyboard; sourceTree = "<group>"; };
		F76FBBE52470616300A75B90 /* ImageSearch.xcdatamodel */ = {isa = PBXFileReference; lastKnownFileType = wrapper.xcdatamodel; path = ImageSearch.xcdatamodel; sourceTree = "<group>"; };
		F76FBBE72470616800A75B90 /* Assets.xcassets */ = {isa = PBXFileReference; lastKnownFileType = folder.assetcatalog; path = Assets.xcassets; sourceTree = "<group>"; };
		F76FBBEA2470616800A75B90 /* Base */ = {isa = PBXFileReference; lastKnownFileType = file.storyboard; name = Base; path = Base.lproj/LaunchScreen.storyboard; sourceTree = "<group>"; };
		F76FBBEC2470616800A75B90 /* Info.plist */ = {isa = PBXFileReference; lastKnownFileType = text.plist.xml; path = Info.plist; sourceTree = "<group>"; };
		F76FBBF12470616800A75B90 /* ImageSearchTests.xctest */ = {isa = PBXFileReference; explicitFileType = wrapper.cfbundle; includeInIndex = 0; path = ImageSearchTests.xctest; sourceTree = BUILT_PRODUCTS_DIR; };
		F76FBBF52470616800A75B90 /* ImageSearchTests.swift */ = {isa = PBXFileReference; lastKnownFileType = sourcecode.swift; path = ImageSearchTests.swift; sourceTree = "<group>"; };
		F76FBBF72470616800A75B90 /* Info.plist */ = {isa = PBXFileReference; lastKnownFileType = text.plist.xml; path = Info.plist; sourceTree = "<group>"; };
		F76FBBFC2470616800A75B90 /* ImageSearchUITests.xctest */ = {isa = PBXFileReference; explicitFileType = wrapper.cfbundle; includeInIndex = 0; path = ImageSearchUITests.xctest; sourceTree = BUILT_PRODUCTS_DIR; };
		F76FBC002470616800A75B90 /* ImageSearchUITests.swift */ = {isa = PBXFileReference; lastKnownFileType = sourcecode.swift; path = ImageSearchUITests.swift; sourceTree = "<group>"; };
		F76FBC022470616800A75B90 /* Info.plist */ = {isa = PBXFileReference; lastKnownFileType = text.plist.xml; path = Info.plist; sourceTree = "<group>"; };
		F76FBC0E24706D6000A75B90 /* ImageSearchTableView.swift */ = {isa = PBXFileReference; lastKnownFileType = sourcecode.swift; path = ImageSearchTableView.swift; sourceTree = "<group>"; };
		F76FBC102470715F00A75B90 /* ImageSearchController.swift */ = {isa = PBXFileReference; lastKnownFileType = sourcecode.swift; path = ImageSearchController.swift; sourceTree = "<group>"; };
		F76FBC132470720900A75B90 /* ApiError.swift */ = {isa = PBXFileReference; fileEncoding = 4; lastKnownFileType = sourcecode.swift; path = ApiError.swift; sourceTree = "<group>"; };
		F76FBC142470720900A75B90 /* ApiClient.swift */ = {isa = PBXFileReference; fileEncoding = 4; lastKnownFileType = sourcecode.swift; path = ApiClient.swift; sourceTree = "<group>"; };
		F76FBC152470720900A75B90 /* ApiRouter.swift */ = {isa = PBXFileReference; fileEncoding = 4; lastKnownFileType = sourcecode.swift; path = ApiRouter.swift; sourceTree = "<group>"; };
		F76FBC162470720900A75B90 /* NetworkConstants.swift */ = {isa = PBXFileReference; fileEncoding = 4; lastKnownFileType = sourcecode.swift; path = NetworkConstants.swift; sourceTree = "<group>"; };
		F76FBC1E2470735C00A75B90 /* SearchImageModel.swift */ = {isa = PBXFileReference; lastKnownFileType = sourcecode.swift; path = SearchImageModel.swift; sourceTree = "<group>"; };
		F76FBC202470736C00A75B90 /* SearchImageViewModel.swift */ = {isa = PBXFileReference; lastKnownFileType = sourcecode.swift; path = SearchImageViewModel.swift; sourceTree = "<group>"; };
/* End PBXFileReference section */

/* Begin PBXFrameworksBuildPhase section */
		F76FBBD52470616300A75B90 /* Frameworks */ = {
			isa = PBXFrameworksBuildPhase;
			buildActionMask = 2147483647;
			files = (
				8AC606D2097458F0EB370C3F /* Pods_ImageSearch.framework in Frameworks */,
			);
			runOnlyForDeploymentPostprocessing = 0;
		};
		F76FBBEE2470616800A75B90 /* Frameworks */ = {
			isa = PBXFrameworksBuildPhase;
			buildActionMask = 2147483647;
			files = (
				1284176FEE4831E021117597 /* Pods_ImageSearchTests.framework in Frameworks */,
			);
			runOnlyForDeploymentPostprocessing = 0;
		};
		F76FBBF92470616800A75B90 /* Frameworks */ = {
			isa = PBXFrameworksBuildPhase;
			buildActionMask = 2147483647;
			files = (
				CBE4BED276235F9C7FDE51A8 /* Pods_ImageSearch_ImageSearchUITests.framework in Frameworks */,
			);
			runOnlyForDeploymentPostprocessing = 0;
		};
/* End PBXFrameworksBuildPhase section */

/* Begin PBXGroup section */
		3D6D235CEFF1D0FEE0C3381B /* Frameworks */ = {
			isa = PBXGroup;
			children = (
				14DBB0FF8A3E1CB1F57C7DA8 /* Pods_ImageSearch.framework */,
				0BB0D0113D16ECF135ECE875 /* Pods_ImageSearch_ImageSearchUITests.framework */,
				0F9BFEE63C52D433B98703CA /* Pods_ImageSearchTests.framework */,
			);
			name = Frameworks;
			sourceTree = "<group>";
		};
		8EF4194E89542C46E7800A15 /* Pods */ = {
			isa = PBXGroup;
			children = (
				6ECB170BC305A9F89C376684 /* Pods-ImageSearch.debug.xcconfig */,
				A6E15A8D0485B67508796094 /* Pods-ImageSearch.release.xcconfig */,
				B4F699399F572B53A4EBF07B /* Pods-ImageSearch-ImageSearchUITests.debug.xcconfig */,
				02898B1574D49CB23FA7681E /* Pods-ImageSearch-ImageSearchUITests.release.xcconfig */,
				C570413EAF2DEDA8439947D2 /* Pods-ImageSearchTests.debug.xcconfig */,
				8C3A7A414E45D1A3DB58FFA5 /* Pods-ImageSearchTests.release.xcconfig */,
			);
			name = Pods;
			path = Pods;
			sourceTree = "<group>";
		};
		F76FBBCF2470616300A75B90 = {
			isa = PBXGroup;
			children = (
				F76FBBDA2470616300A75B90 /* ImageSearch */,
				F76FBBF42470616800A75B90 /* ImageSearchTests */,
				F76FBBFF2470616800A75B90 /* ImageSearchUITests */,
				F76FBBD92470616300A75B90 /* Products */,
				8EF4194E89542C46E7800A15 /* Pods */,
				3D6D235CEFF1D0FEE0C3381B /* Frameworks */,
			);
			sourceTree = "<group>";
		};
		F76FBBD92470616300A75B90 /* Products */ = {
			isa = PBXGroup;
			children = (
				F76FBBD82470616300A75B90 /* ImageSearch.app */,
				F76FBBF12470616800A75B90 /* ImageSearchTests.xctest */,
				F76FBBFC2470616800A75B90 /* ImageSearchUITests.xctest */,
			);
			name = Products;
			sourceTree = "<group>";
		};
		F76FBBDA2470616300A75B90 /* ImageSearch */ = {
			isa = PBXGroup;
			children = (
				F76FBC1D2470730600A75B90 /* Home */,
				F76FBC1C247072EC00A75B90 /* SearchTable */,
				F76FBC1B247072C800A75B90 /* ViewImage */,
				F76FBC122470720900A75B90 /* Network */,
				F76FBBDB2470616300A75B90 /* AppDelegate.swift */,
				F76FBBE72470616800A75B90 /* Assets.xcassets */,
				F76FBBE92470616800A75B90 /* LaunchScreen.storyboard */,
				F76FBBEC2470616800A75B90 /* Info.plist */,
				F76FBBE42470616300A75B90 /* ImageSearch.xcdatamodeld */,
			);
			path = ImageSearch;
			sourceTree = "<group>";
		};
		F76FBBF42470616800A75B90 /* ImageSearchTests */ = {
			isa = PBXGroup;
			children = (
				F76FBBF52470616800A75B90 /* ImageSearchTests.swift */,
				F76FBBF72470616800A75B90 /* Info.plist */,
			);
			path = ImageSearchTests;
			sourceTree = "<group>";
		};
		F76FBBFF2470616800A75B90 /* ImageSearchUITests */ = {
			isa = PBXGroup;
			children = (
				F76FBC002470616800A75B90 /* ImageSearchUITests.swift */,
				F76FBC022470616800A75B90 /* Info.plist */,
			);
			path = ImageSearchUITests;
			sourceTree = "<group>";
		};
		F76FBC122470720900A75B90 /* Network */ = {
			isa = PBXGroup;
			children = (
				F76FBC132470720900A75B90 /* ApiError.swift */,
				F76FBC142470720900A75B90 /* ApiClient.swift */,
				F76FBC152470720900A75B90 /* ApiRouter.swift */,
				F76FBC162470720900A75B90 /* NetworkConstants.swift */,
			);
			path = Network;
			sourceTree = "<group>";
		};
		F76FBC1B247072C800A75B90 /* ViewImage */ = {
			isa = PBXGroup;
			children = (
				F76FBC102470715F00A75B90 /* ImageSearchController.swift */,
			);
			path = ViewImage;
			sourceTree = "<group>";
		};
		F76FBC1C247072EC00A75B90 /* SearchTable */ = {
			isa = PBXGroup;
			children = (
				F76FBC0E24706D6000A75B90 /* ImageSearchTableView.swift */,
				F76FBC1E2470735C00A75B90 /* SearchImageModel.swift */,
				F76FBC202470736C00A75B90 /* SearchImageViewModel.swift */,
			);
			path = SearchTable;
			sourceTree = "<group>";
		};
		F76FBC1D2470730600A75B90 /* Home */ = {
			isa = PBXGroup;
			children = (
				F76FBBDF2470616300A75B90 /* HomeViewController.swift */,
				F76FBBE12470616300A75B90 /* Main.storyboard */,
			);
			path = Home;
			sourceTree = "<group>";
		};
/* End PBXGroup section */

/* Begin PBXNativeTarget section */
		F76FBBD72470616300A75B90 /* ImageSearch */ = {
			isa = PBXNativeTarget;
			buildConfigurationList = F76FBC052470616900A75B90 /* Build configuration list for PBXNativeTarget "ImageSearch" */;
			buildPhases = (
				7D80983A446BDD49EDE1E984 /* [CP] Check Pods Manifest.lock */,
				F76FBBD42470616300A75B90 /* Sources */,
				F76FBBD52470616300A75B90 /* Frameworks */,
				F76FBBD62470616300A75B90 /* Resources */,
				0EDEE01AA52818F6DEFDF475 /* [CP] Embed Pods Frameworks */,
			);
			buildRules = (
			);
			dependencies = (
			);
			name = ImageSearch;
			productName = ImageSearch;
			productReference = F76FBBD82470616300A75B90 /* ImageSearch.app */;
			productType = "com.apple.product-type.application";
		};
		F76FBBF02470616800A75B90 /* ImageSearchTests */ = {
			isa = PBXNativeTarget;
			buildConfigurationList = F76FBC082470616900A75B90 /* Build configuration list for PBXNativeTarget "ImageSearchTests" */;
			buildPhases = (
				8725556713EE455F37D652A7 /* [CP] Check Pods Manifest.lock */,
				F76FBBED2470616800A75B90 /* Sources */,
				F76FBBEE2470616800A75B90 /* Frameworks */,
				F76FBBEF2470616800A75B90 /* Resources */,
			);
			buildRules = (
			);
			dependencies = (
				F76FBBF32470616800A75B90 /* PBXTargetDependency */,
			);
			name = ImageSearchTests;
			productName = ImageSearchTests;
			productReference = F76FBBF12470616800A75B90 /* ImageSearchTests.xctest */;
			productType = "com.apple.product-type.bundle.unit-test";
		};
		F76FBBFB2470616800A75B90 /* ImageSearchUITests */ = {
			isa = PBXNativeTarget;
			buildConfigurationList = F76FBC0B2470616900A75B90 /* Build configuration list for PBXNativeTarget "ImageSearchUITests" */;
			buildPhases = (
				708376BB5BC8B90256EE4B5E /* [CP] Check Pods Manifest.lock */,
				F76FBBF82470616800A75B90 /* Sources */,
				F76FBBF92470616800A75B90 /* Frameworks */,
				F76FBBFA2470616800A75B90 /* Resources */,
				12E6C7B75EF2F5284046EDAE /* [CP] Embed Pods Frameworks */,
			);
			buildRules = (
			);
			dependencies = (
				F76FBBFE2470616800A75B90 /* PBXTargetDependency */,
			);
			name = ImageSearchUITests;
			productName = ImageSearchUITests;
			productReference = F76FBBFC2470616800A75B90 /* ImageSearchUITests.xctest */;
			productType = "com.apple.product-type.bundle.ui-testing";
		};
/* End PBXNativeTarget section */

/* Begin PBXProject section */
		F76FBBD02470616300A75B90 /* Project object */ = {
			isa = PBXProject;
			attributes = {
				LastSwiftUpdateCheck = 1130;
				LastUpgradeCheck = 1130;
				ORGANIZATIONNAME = "Shilpa Garg";
				TargetAttributes = {
					F76FBBD72470616300A75B90 = {
						CreatedOnToolsVersion = 11.3.1;
					};
					F76FBBF02470616800A75B90 = {
						CreatedOnToolsVersion = 11.3.1;
						TestTargetID = F76FBBD72470616300A75B90;
					};
					F76FBBFB2470616800A75B90 = {
						CreatedOnToolsVersion = 11.3.1;
						TestTargetID = F76FBBD72470616300A75B90;
					};
				};
			};
			buildConfigurationList = F76FBBD32470616300A75B90 /* Build configuration list for PBXProject "ImageSearch" */;
			compatibilityVersion = "Xcode 9.3";
			developmentRegion = en;
			hasScannedForEncodings = 0;
			knownRegions = (
				en,
				Base,
			);
			mainGroup = F76FBBCF2470616300A75B90;
			productRefGroup = F76FBBD92470616300A75B90 /* Products */;
			projectDirPath = "";
			projectRoot = "";
			targets = (
				F76FBBD72470616300A75B90 /* ImageSearch */,
				F76FBBF02470616800A75B90 /* ImageSearchTests */,
				F76FBBFB2470616800A75B90 /* ImageSearchUITests */,
			);
		};
/* End PBXProject section */

/* Begin PBXResourcesBuildPhase section */
		F76FBBD62470616300A75B90 /* Resources */ = {
			isa = PBXResourcesBuildPhase;
			buildActionMask = 2147483647;
			files = (
				F76FBBEB2470616800A75B90 /* LaunchScreen.storyboard in Resources */,
				F76FBBE82470616800A75B90 /* Assets.xcassets in Resources */,
				F76FBBE32470616300A75B90 /* Main.storyboard in Resources */,
			);
			runOnlyForDeploymentPostprocessing = 0;
		};
		F76FBBEF2470616800A75B90 /* Resources */ = {
			isa = PBXResourcesBuildPhase;
			buildActionMask = 2147483647;
			files = (
			);
			runOnlyForDeploymentPostprocessing = 0;
		};
		F76FBBFA2470616800A75B90 /* Resources */ = {
			isa = PBXResourcesBuildPhase;
			buildActionMask = 2147483647;
			files = (
			);
			runOnlyForDeploymentPostprocessing = 0;
		};
/* End PBXResourcesBuildPhase section */

/* Begin PBXShellScriptBuildPhase section */
		0EDEE01AA52818F6DEFDF475 /* [CP] Embed Pods Frameworks */ = {
			isa = PBXShellScriptBuildPhase;
			buildActionMask = 2147483647;
			files = (
			);
			inputFileListPaths = (
				"${PODS_ROOT}/Target Support Files/Pods-ImageSearch/Pods-ImageSearch-frameworks-${CONFIGURATION}-input-files.xcfilelist",
			);
			name = "[CP] Embed Pods Frameworks";
			outputFileListPaths = (
				"${PODS_ROOT}/Target Support Files/Pods-ImageSearch/Pods-ImageSearch-frameworks-${CONFIGURATION}-output-files.xcfilelist",
			);
			runOnlyForDeploymentPostprocessing = 0;
			shellPath = /bin/sh;
			shellScript = "\"${PODS_ROOT}/Target Support Files/Pods-ImageSearch/Pods-ImageSearch-frameworks.sh\"\n";
			showEnvVarsInLog = 0;
		};
		12E6C7B75EF2F5284046EDAE /* [CP] Embed Pods Frameworks */ = {
			isa = PBXShellScriptBuildPhase;
			buildActionMask = 2147483647;
			files = (
			);
			inputFileListPaths = (
				"${PODS_ROOT}/Target Support Files/Pods-ImageSearch-ImageSearchUITests/Pods-ImageSearch-ImageSearchUITests-frameworks-${CONFIGURATION}-input-files.xcfilelist",
			);
			name = "[CP] Embed Pods Frameworks";
			outputFileListPaths = (
				"${PODS_ROOT}/Target Support Files/Pods-ImageSearch-ImageSearchUITests/Pods-ImageSearch-ImageSearchUITests-frameworks-${CONFIGURATION}-output-files.xcfilelist",
			);
			runOnlyForDeploymentPostprocessing = 0;
			shellPath = /bin/sh;
			shellScript = "\"${PODS_ROOT}/Target Support Files/Pods-ImageSearch-ImageSearchUITests/Pods-ImageSearch-ImageSearchUITests-frameworks.sh\"\n";
			showEnvVarsInLog = 0;
		};
		708376BB5BC8B90256EE4B5E /* [CP] Check Pods Manifest.lock */ = {
			isa = PBXShellScriptBuildPhase;
			buildActionMask = 2147483647;
			files = (
			);
			inputFileListPaths = (
			);
			inputPaths = (
				"${PODS_PODFILE_DIR_PATH}/Podfile.lock",
				"${PODS_ROOT}/Manifest.lock",
			);
			name = "[CP] Check Pods Manifest.lock";
			outputFileListPaths = (
			);
			outputPaths = (
				"$(DERIVED_FILE_DIR)/Pods-ImageSearch-ImageSearchUITests-checkManifestLockResult.txt",
			);
			runOnlyForDeploymentPostprocessing = 0;
			shellPath = /bin/sh;
			shellScript = "diff \"${PODS_PODFILE_DIR_PATH}/Podfile.lock\" \"${PODS_ROOT}/Manifest.lock\" > /dev/null\nif [ $? != 0 ] ; then\n    # print error to STDERR\n    echo \"error: The sandbox is not in sync with the Podfile.lock. Run 'pod install' or update your CocoaPods installation.\" >&2\n    exit 1\nfi\n# This output is used by Xcode 'outputs' to avoid re-running this script phase.\necho \"SUCCESS\" > \"${SCRIPT_OUTPUT_FILE_0}\"\n";
			showEnvVarsInLog = 0;
		};
		7D80983A446BDD49EDE1E984 /* [CP] Check Pods Manifest.lock */ = {
			isa = PBXShellScriptBuildPhase;
			buildActionMask = 2147483647;
			files = (
			);
			inputFileListPaths = (
			);
			inputPaths = (
				"${PODS_PODFILE_DIR_PATH}/Podfile.lock",
				"${PODS_ROOT}/Manifest.lock",
			);
			name = "[CP] Check Pods Manifest.lock";
			outputFileListPaths = (
			);
			outputPaths = (
				"$(DERIVED_FILE_DIR)/Pods-ImageSearch-checkManifestLockResult.txt",
			);
			runOnlyForDeploymentPostprocessing = 0;
			shellPath = /bin/sh;
			shellScript = "diff \"${PODS_PODFILE_DIR_PATH}/Podfile.lock\" \"${PODS_ROOT}/Manifest.lock\" > /dev/null\nif [ $? != 0 ] ; then\n    # print error to STDERR\n    echo \"error: The sandbox is not in sync with the Podfile.lock. Run 'pod install' or update your CocoaPods installation.\" >&2\n    exit 1\nfi\n# This output is used by Xcode 'outputs' to avoid re-running this script phase.\necho \"SUCCESS\" > \"${SCRIPT_OUTPUT_FILE_0}\"\n";
			showEnvVarsInLog = 0;
		};
		8725556713EE455F37D652A7 /* [CP] Check Pods Manifest.lock */ = {
			isa = PBXShellScriptBuildPhase;
			buildActionMask = 2147483647;
			files = (
			);
			inputFileListPaths = (
			);
			inputPaths = (
				"${PODS_PODFILE_DIR_PATH}/Podfile.lock",
				"${PODS_ROOT}/Manifest.lock",
			);
			name = "[CP] Check Pods Manifest.lock";
			outputFileListPaths = (
			);
			outputPaths = (
				"$(DERIVED_FILE_DIR)/Pods-ImageSearchTests-checkManifestLockResult.txt",
			);
			runOnlyForDeploymentPostprocessing = 0;
			shellPath = /bin/sh;
			shellScript = "diff \"${PODS_PODFILE_DIR_PATH}/Podfile.lock\" \"${PODS_ROOT}/Manifest.lock\" > /dev/null\nif [ $? != 0 ] ; then\n    # print error to STDERR\n    echo \"error: The sandbox is not in sync with the Podfile.lock. Run 'pod install' or update your CocoaPods installation.\" >&2\n    exit 1\nfi\n# This output is used by Xcode 'outputs' to avoid re-running this script phase.\necho \"SUCCESS\" > \"${SCRIPT_OUTPUT_FILE_0}\"\n";
			showEnvVarsInLog = 0;
		};
/* End PBXShellScriptBuildPhase section */

/* Begin PBXSourcesBuildPhase section */
		F76FBBD42470616300A75B90 /* Sources */ = {
			isa = PBXSourcesBuildPhase;
			buildActionMask = 2147483647;
			files = (
				F76FBC1A2470720900A75B90 /* NetworkConstants.swift in Sources */,
				F76FBC182470720900A75B90 /* ApiClient.swift in Sources */,
				F76FBBE02470616300A75B90 /* HomeViewController.swift in Sources */,
				F76FBC1F2470735C00A75B90 /* SearchImageModel.swift in Sources */,
				F76FBC212470736C00A75B90 /* SearchImageViewModel.swift in Sources */,
				F76FBC112470715F00A75B90 /* ImageSearchController.swift in Sources */,
				F76FBC0F24706D6000A75B90 /* ImageSearchTableView.swift in Sources */,
				F76FBBE62470616300A75B90 /* ImageSearch.xcdatamodeld in Sources */,
				F76FBC192470720900A75B90 /* ApiRouter.swift in Sources */,
				F76FBBDC2470616300A75B90 /* AppDelegate.swift in Sources */,
				F76FBC172470720900A75B90 /* ApiError.swift in Sources */,
			);
			runOnlyForDeploymentPostprocessing = 0;
		};
		F76FBBED2470616800A75B90 /* Sources */ = {
			isa = PBXSourcesBuildPhase;
			buildActionMask = 2147483647;
			files = (
				F76FBBF62470616800A75B90 /* ImageSearchTests.swift in Sources */,
			);
			runOnlyForDeploymentPostprocessing = 0;
		};
		F76FBBF82470616800A75B90 /* Sources */ = {
			isa = PBXSourcesBuildPhase;
			buildActionMask = 2147483647;
			files = (
				F76FBC012470616800A75B90 /* ImageSearchUITests.swift in Sources */,
			);
			runOnlyForDeploymentPostprocessing = 0;
		};
/* End PBXSourcesBuildPhase section */

/* Begin PBXTargetDependency section */
		F76FBBF32470616800A75B90 /* PBXTargetDependency */ = {
			isa = PBXTargetDependency;
			target = F76FBBD72470616300A75B90 /* ImageSearch */;
			targetProxy = F76FBBF22470616800A75B90 /* PBXContainerItemProxy */;
		};
		F76FBBFE2470616800A75B90 /* PBXTargetDependency */ = {
			isa = PBXTargetDependency;
			target = F76FBBD72470616300A75B90 /* ImageSearch */;
			targetProxy = F76FBBFD2470616800A75B90 /* PBXContainerItemProxy */;
		};
/* End PBXTargetDependency section */

/* Begin PBXVariantGroup section */
		F76FBBE12470616300A75B90 /* Main.storyboard */ = {
			isa = PBXVariantGroup;
			children = (
				F76FBBE22470616300A75B90 /* Base */,
			);
			name = Main.storyboard;
			sourceTree = "<group>";
		};
		F76FBBE92470616800A75B90 /* LaunchScreen.storyboard */ = {
			isa = PBXVariantGroup;
			children = (
				F76FBBEA2470616800A75B90 /* Base */,
			);
			name = LaunchScreen.storyboard;
			sourceTree = "<group>";
		};
/* End PBXVariantGroup section */

/* Begin XCBuildConfiguration section */
		F76FBC032470616800A75B90 /* Debug */ = {
			isa = XCBuildConfiguration;
			buildSettings = {
				ALWAYS_SEARCH_USER_PATHS = NO;
				CLANG_ANALYZER_NONNULL = YES;
				CLANG_ANALYZER_NUMBER_OBJECT_CONVERSION = YES_AGGRESSIVE;
				CLANG_CXX_LANGUAGE_STANDARD = "gnu++14";
				CLANG_CXX_LIBRARY = "libc++";
				CLANG_ENABLE_MODULES = YES;
				CLANG_ENABLE_OBJC_ARC = YES;
				CLANG_ENABLE_OBJC_WEAK = YES;
				CLANG_WARN_BLOCK_CAPTURE_AUTORELEASING = YES;
				CLANG_WARN_BOOL_CONVERSION = YES;
				CLANG_WARN_COMMA = YES;
				CLANG_WARN_CONSTANT_CONVERSION = YES;
				CLANG_WARN_DEPRECATED_OBJC_IMPLEMENTATIONS = YES;
				CLANG_WARN_DIRECT_OBJC_ISA_USAGE = YES_ERROR;
				CLANG_WARN_DOCUMENTATION_COMMENTS = YES;
				CLANG_WARN_EMPTY_BODY = YES;
				CLANG_WARN_ENUM_CONVERSION = YES;
				CLANG_WARN_INFINITE_RECURSION = YES;
				CLANG_WARN_INT_CONVERSION = YES;
				CLANG_WARN_NON_LITERAL_NULL_CONVERSION = YES;
				CLANG_WARN_OBJC_IMPLICIT_RETAIN_SELF = YES;
				CLANG_WARN_OBJC_LITERAL_CONVERSION = YES;
				CLANG_WARN_OBJC_ROOT_CLASS = YES_ERROR;
				CLANG_WARN_RANGE_LOOP_ANALYSIS = YES;
				CLANG_WARN_STRICT_PROTOTYPES = YES;
				CLANG_WARN_SUSPICIOUS_MOVE = YES;
				CLANG_WARN_UNGUARDED_AVAILABILITY = YES_AGGRESSIVE;
				CLANG_WARN_UNREACHABLE_CODE = YES;
				CLANG_WARN__DUPLICATE_METHOD_MATCH = YES;
				COPY_PHASE_STRIP = NO;
				DEBUG_INFORMATION_FORMAT = dwarf;
				ENABLE_STRICT_OBJC_MSGSEND = YES;
				ENABLE_TESTABILITY = YES;
				GCC_C_LANGUAGE_STANDARD = gnu11;
				GCC_DYNAMIC_NO_PIC = NO;
				GCC_NO_COMMON_BLOCKS = YES;
				GCC_OPTIMIZATION_LEVEL = 0;
				GCC_PREPROCESSOR_DEFINITIONS = (
					"DEBUG=1",
					"$(inherited)",
				);
				GCC_WARN_64_TO_32_BIT_CONVERSION = YES;
				GCC_WARN_ABOUT_RETURN_TYPE = YES_ERROR;
				GCC_WARN_UNDECLARED_SELECTOR = YES;
				GCC_WARN_UNINITIALIZED_AUTOS = YES_AGGRESSIVE;
				GCC_WARN_UNUSED_FUNCTION = YES;
				GCC_WARN_UNUSED_VARIABLE = YES;
				IPHONEOS_DEPLOYMENT_TARGET = 13.2;
				MTL_ENABLE_DEBUG_INFO = INCLUDE_SOURCE;
				MTL_FAST_MATH = YES;
				ONLY_ACTIVE_ARCH = YES;
				SDKROOT = iphoneos;
				SWIFT_ACTIVE_COMPILATION_CONDITIONS = DEBUG;
				SWIFT_OPTIMIZATION_LEVEL = "-Onone";
			};
			name = Debug;
		};
		F76FBC042470616800A75B90 /* Release */ = {
			isa = XCBuildConfiguration;
			buildSettings = {
				ALWAYS_SEARCH_USER_PATHS = NO;
				CLANG_ANALYZER_NONNULL = YES;
				CLANG_ANALYZER_NUMBER_OBJECT_CONVERSION = YES_AGGRESSIVE;
				CLANG_CXX_LANGUAGE_STANDARD = "gnu++14";
				CLANG_CXX_LIBRARY = "libc++";
				CLANG_ENABLE_MODULES = YES;
				CLANG_ENABLE_OBJC_ARC = YES;
				CLANG_ENABLE_OBJC_WEAK = YES;
				CLANG_WARN_BLOCK_CAPTURE_AUTORELEASING = YES;
				CLANG_WARN_BOOL_CONVERSION = YES;
				CLANG_WARN_COMMA = YES;
				CLANG_WARN_CONSTANT_CONVERSION = YES;
				CLANG_WARN_DEPRECATED_OBJC_IMPLEMENTATIONS = YES;
				CLANG_WARN_DIRECT_OBJC_ISA_USAGE = YES_ERROR;
				CLANG_WARN_DOCUMENTATION_COMMENTS = YES;
				CLANG_WARN_EMPTY_BODY = YES;
				CLANG_WARN_ENUM_CONVERSION = YES;
				CLANG_WARN_INFINITE_RECURSION = YES;
				CLANG_WARN_INT_CONVERSION = YES;
				CLANG_WARN_NON_LITERAL_NULL_CONVERSION = YES;
				CLANG_WARN_OBJC_IMPLICIT_RETAIN_SELF = YES;
				CLANG_WARN_OBJC_LITERAL_CONVERSION = YES;
				CLANG_WARN_OBJC_ROOT_CLASS = YES_ERROR;
				CLANG_WARN_RANGE_LOOP_ANALYSIS = YES;
				CLANG_WARN_STRICT_PROTOTYPES = YES;
				CLANG_WARN_SUSPICIOUS_MOVE = YES;
				CLANG_WARN_UNGUARDED_AVAILABILITY = YES_AGGRESSIVE;
				CLANG_WARN_UNREACHABLE_CODE = YES;
				CLANG_WARN__DUPLICATE_METHOD_MATCH = YES;
				COPY_PHASE_STRIP = NO;
				DEBUG_INFORMATION_FORMAT = "dwarf-with-dsym";
				ENABLE_NS_ASSERTIONS = NO;
				ENABLE_STRICT_OBJC_MSGSEND = YES;
				GCC_C_LANGUAGE_STANDARD = gnu11;
				GCC_NO_COMMON_BLOCKS = YES;
				GCC_WARN_64_TO_32_BIT_CONVERSION = YES;
				GCC_WARN_ABOUT_RETURN_TYPE = YES_ERROR;
				GCC_WARN_UNDECLARED_SELECTOR = YES;
				GCC_WARN_UNINITIALIZED_AUTOS = YES_AGGRESSIVE;
				GCC_WARN_UNUSED_FUNCTION = YES;
				GCC_WARN_UNUSED_VARIABLE = YES;
				IPHONEOS_DEPLOYMENT_TARGET = 13.2;
				MTL_ENABLE_DEBUG_INFO = NO;
				MTL_FAST_MATH = YES;
				SDKROOT = iphoneos;
				SWIFT_COMPILATION_MODE = wholemodule;
				SWIFT_OPTIMIZATION_LEVEL = "-O";
				VALIDATE_PRODUCT = YES;
			};
			name = Release;
		};
		F76FBC062470616900A75B90 /* Debug */ = {
			isa = XCBuildConfiguration;
			baseConfigurationReference = 6ECB170BC305A9F89C376684 /* Pods-ImageSearch.debug.xcconfig */;
			buildSettings = {
				ASSETCATALOG_COMPILER_APPICON_NAME = AppIcon;
				CODE_SIGN_STYLE = Automatic;
				INFOPLIST_FILE = ImageSearch/Info.plist;
				LD_RUNPATH_SEARCH_PATHS = (
					"$(inherited)",
					"@executable_path/Frameworks",
				);
				PRODUCT_BUNDLE_IDENTIFIER = ImageSearch.ImageSearch;
				PRODUCT_NAME = "$(TARGET_NAME)";
				SWIFT_VERSION = 5.0;
				TARGETED_DEVICE_FAMILY = "1,2";
			};
			name = Debug;
		};
		F76FBC072470616900A75B90 /* Release */ = {
			isa = XCBuildConfiguration;
			baseConfigurationReference = A6E15A8D0485B67508796094 /* Pods-ImageSearch.release.xcconfig */;
			buildSettings = {
				ASSETCATALOG_COMPILER_APPICON_NAME = AppIcon;
				CODE_SIGN_STYLE = Automatic;
				INFOPLIST_FILE = ImageSearch/Info.plist;
				LD_RUNPATH_SEARCH_PATHS = (
					"$(inherited)",
					"@executable_path/Frameworks",
				);
				PRODUCT_BUNDLE_IDENTIFIER = ImageSearch.ImageSearch;
				PRODUCT_NAME = "$(TARGET_NAME)";
				SWIFT_VERSION = 5.0;
				TARGETED_DEVICE_FAMILY = "1,2";
			};
			name = Release;
		};
		F76FBC092470616900A75B90 /* Debug */ = {
			isa = XCBuildConfiguration;
			baseConfigurationReference = C570413EAF2DEDA8439947D2 /* Pods-ImageSearchTests.debug.xcconfig */;
			buildSettings = {
				ALWAYS_EMBED_SWIFT_STANDARD_LIBRARIES = YES;
				BUNDLE_LOADER = "$(TEST_HOST)";
				CODE_SIGN_STYLE = Automatic;
				INFOPLIST_FILE = ImageSearchTests/Info.plist;
				IPHONEOS_DEPLOYMENT_TARGET = 13.2;
				LD_RUNPATH_SEARCH_PATHS = (
					"$(inherited)",
					"@executable_path/Frameworks",
					"@loader_path/Frameworks",
				);
				PRODUCT_BUNDLE_IDENTIFIER = ImageSearch.ImageSearchTests;
				PRODUCT_NAME = "$(TARGET_NAME)";
				SWIFT_VERSION = 5.0;
				TARGETED_DEVICE_FAMILY = "1,2";
				TEST_HOST = "$(BUILT_PRODUCTS_DIR)/ImageSearch.app/ImageSearch";
			};
			name = Debug;
		};
		F76FBC0A2470616900A75B90 /* Release */ = {
			isa = XCBuildConfiguration;
			baseConfigurationReference = 8C3A7A414E45D1A3DB58FFA5 /* Pods-ImageSearchTests.release.xcconfig */;
			buildSettings = {
				ALWAYS_EMBED_SWIFT_STANDARD_LIBRARIES = YES;
				BUNDLE_LOADER = "$(TEST_HOST)";
				CODE_SIGN_STYLE = Automatic;
				INFOPLIST_FILE = ImageSearchTests/Info.plist;
				IPHONEOS_DEPLOYMENT_TARGET = 13.2;
				LD_RUNPATH_SEARCH_PATHS = (
					"$(inherited)",
					"@executable_path/Frameworks",
					"@loader_path/Frameworks",
				);
				PRODUCT_BUNDLE_IDENTIFIER = ImageSearch.ImageSearchTests;
				PRODUCT_NAME = "$(TARGET_NAME)";
				SWIFT_VERSION = 5.0;
				TARGETED_DEVICE_FAMILY = "1,2";
				TEST_HOST = "$(BUILT_PRODUCTS_DIR)/ImageSearch.app/ImageSearch";
			};
			name = Release;
		};
		F76FBC0C2470616900A75B90 /* Debug */ = {
			isa = XCBuildConfiguration;
			baseConfigurationReference = B4F699399F572B53A4EBF07B /* Pods-ImageSearch-ImageSearchUITests.debug.xcconfig */;
			buildSettings = {
				ALWAYS_EMBED_SWIFT_STANDARD_LIBRARIES = YES;
				CODE_SIGN_STYLE = Automatic;
				INFOPLIST_FILE = ImageSearchUITests/Info.plist;
				LD_RUNPATH_SEARCH_PATHS = (
					"$(inherited)",
					"@executable_path/Frameworks",
					"@loader_path/Frameworks",
				);
				PRODUCT_BUNDLE_IDENTIFIER = ImageSearch.ImageSearchUITests;
				PRODUCT_NAME = "$(TARGET_NAME)";
				SWIFT_VERSION = 5.0;
				TARGETED_DEVICE_FAMILY = "1,2";
				TEST_TARGET_NAME = ImageSearch;
			};
			name = Debug;
		};
		F76FBC0D2470616900A75B90 /* Release */ = {
			isa = XCBuildConfiguration;
			baseConfigurationReference = 02898B1574D49CB23FA7681E /* Pods-ImageSearch-ImageSearchUITests.release.xcconfig */;
			buildSettings = {
				ALWAYS_EMBED_SWIFT_STANDARD_LIBRARIES = YES;
				CODE_SIGN_STYLE = Automatic;
				INFOPLIST_FILE = ImageSearchUITests/Info.plist;
				LD_RUNPATH_SEARCH_PATHS = (
					"$(inherited)",
					"@executable_path/Frameworks",
					"@loader_path/Frameworks",
				);
				PRODUCT_BUNDLE_IDENTIFIER = ImageSearch.ImageSearchUITests;
				PRODUCT_NAME = "$(TARGET_NAME)";
				SWIFT_VERSION = 5.0;
				TARGETED_DEVICE_FAMILY = "1,2";
				TEST_TARGET_NAME = ImageSearch;
			};
			name = Release;
		};
/* End XCBuildConfiguration section */

/* Begin XCConfigurationList section */
		F76FBBD32470616300A75B90 /* Build configuration list for PBXProject "ImageSearch" */ = {
			isa = XCConfigurationList;
			buildConfigurations = (
				F76FBC032470616800A75B90 /* Debug */,
				F76FBC042470616800A75B90 /* Release */,
			);
			defaultConfigurationIsVisible = 0;
			defaultConfigurationName = Release;
		};
		F76FBC052470616900A75B90 /* Build configuration list for PBXNativeTarget "ImageSearch" */ = {
			isa = XCConfigurationList;
			buildConfigurations = (
				F76FBC062470616900A75B90 /* Debug */,
				F76FBC072470616900A75B90 /* Release */,
			);
			defaultConfigurationIsVisible = 0;
			defaultConfigurationName = Release;
		};
		F76FBC082470616900A75B90 /* Build configuration list for PBXNativeTarget "ImageSearchTests" */ = {
			isa = XCConfigurationList;
			buildConfigurations = (
				F76FBC092470616900A75B90 /* Debug */,
				F76FBC0A2470616900A75B90 /* Release */,
			);
			defaultConfigurationIsVisible = 0;
			defaultConfigurationName = Release;
		};
		F76FBC0B2470616900A75B90 /* Build configuration list for PBXNativeTarget "ImageSearchUITests" */ = {
			isa = XCConfigurationList;
			buildConfigurations = (
				F76FBC0C2470616900A75B90 /* Debug */,
				F76FBC0D2470616900A75B90 /* Release */,
			);
			defaultConfigurationIsVisible = 0;
			defaultConfigurationName = Release;
		};
/* End XCConfigurationList section */

/* Begin XCVersionGroup section */
		F76FBBE42470616300A75B90 /* ImageSearch.xcdatamodeld */ = {
			isa = XCVersionGroup;
			children = (
				F76FBBE52470616300A75B90 /* ImageSearch.xcdatamodel */,
			);
			currentVersion = F76FBBE52470616300A75B90 /* ImageSearch.xcdatamodel */;
			path = ImageSearch.xcdatamodeld;
			sourceTree = "<group>";
			versionGroupType = wrapper.xcdatamodel;
		};
/* End XCVersionGroup section */
	};
	rootObject = F76FBBD02470616300A75B90 /* Project object */;
}
